
Microsoft Visual Studio Solution File, Format Version 12.00
# Visual Studio 15
VisualStudioVersion = 15.0.28307.329
MinimumVisualStudioVersion = 10.0.40219.1
Project("{FAE04EC0-301F-11D3-BF4B-00C04F79EFBC}") = "ServiceBusQueueClient", "ServiceBusQueueClient\ServiceBusQueueClient.csproj", "{5E5E4E71-CFD2-4333-8336-0CE379BFCBBE}"
EndProject
Global
	GlobalSection(SolutionConfigurationPlatforms) = preSolution
		Debug|Any CPU = Debug|Any CPU
		Release|Any CPU = Release|Any CPU
	EndGlobalSection
	GlobalSection(ProjectConfigurationPlatforms) = postSolution
		{5E5E4E71-CFD2-4333-8336-0CE379BFCBBE}.Debug|Any CPU.ActiveCfg = Debug|Any CPU
		{5E5E4E71-CFD2-4333-8336-0CE379BFCBBE}.Debug|Any CPU.Build.0 = Debug|Any CPU
		{5E5E4E71-CFD2-4333-8336-0CE379BFCBBE}.Release|Any CPU.ActiveCfg = Release|Any CPU
		{5E5E4E71-CFD2-4333-8336-0CE379BFCBBE}.Release|Any CPU.Build.0 = Release|Any CPU
	EndGlobalSection
	GlobalSection(SolutionProperties) = preSolution
		HideSolutionNode = FALSE
	EndGlobalSection
	GlobalSection(ExtensibilityGlobals) = postSolution
		SolutionGuid = {04BBC45D-D24E-4ED9-849B-4608CF624C3A}
	EndGlobalSection
EndGlobal
